// !$*UTF8*$!
{
	archiveVersion = 1;
	classes = {
	};
	objectVersion = 46;
	objects = {

/* Begin PBXBuildFile section */
		5BB207681EBAF7FD00B12F5F /* AppDelegate.swift in Sources */ = {isa = PBXBuildFile; fileRef = 5BB207671EBAF7FD00B12F5F /* AppDelegate.swift */; };
		5BB2076A1EBAF7FD00B12F5F /* ViewController.swift in Sources */ = {isa = PBXBuildFile; fileRef = 5BB207691EBAF7FD00B12F5F /* ViewController.swift */; };
		5BB2076C1EBAF7FD00B12F5F /* Assets.xcassets in Resources */ = {isa = PBXBuildFile; fileRef = 5BB2076B1EBAF7FD00B12F5F /* Assets.xcassets */; };
		5BB2076F1EBAF7FD00B12F5F /* Main.storyboard in Resources */ = {isa = PBXBuildFile; fileRef = 5BB2076D1EBAF7FD00B12F5F /* Main.storyboard */; };
		5BB207771EBB00FB00B12F5F /* DestinationView.swift in Sources */ = {isa = PBXBuildFile; fileRef = 5BB207761EBB00FB00B12F5F /* DestinationView.swift */; };
/* End PBXBuildFile section */

/* Begin PBXFileReference section */
		5BB207641EBAF7FD00B12F5F /* ImagePreview.app */ = {isa = PBXFileReference; explicitFileType = wrapper.application; includeInIndex = 0; path = ImagePreview.app; sourceTree = BUILT_PRODUCTS_DIR; };
		5BB207671EBAF7FD00B12F5F /* AppDelegate.swift */ = {isa = PBXFileReference; lastKnownFileType = sourcecode.swift; path = AppDelegate.swift; sourceTree = "<group>"; };
		5BB207691EBAF7FD00B12F5F /* ViewController.swift */ = {isa = PBXFileReference; lastKnownFileType = sourcecode.swift; path = ViewController.swift; sourceTree = "<group>"; };
		5BB2076B1EBAF7FD00B12F5F /* Assets.xcassets */ = {isa = PBXFileReference; lastKnownFileType = folder.assetcatalog; path = Assets.xcassets; sourceTree = "<group>"; };
		5BB2076E1EBAF7FD00B12F5F /* Base */ = {isa = PBXFileReference; lastKnownFileType = file.storyboard; name = Base; path = Base.lproj/Main.storyboard; sourceTree = "<group>"; };
		5BB207701EBAF7FD00B12F5F /* Info.plist */ = {isa = PBXFileReference; lastKnownFileType = text.plist.xml; path = Info.plist; sourceTree = "<group>"; };
		5BB207761EBB00FB00B12F5F /* DestinationView.swift */ = {isa = PBXFileReference; fileEncoding = 4; lastKnownFileType = sourcecode.swift; path = DestinationView.swift; sourceTree = "<group>"; };
		5BCDEB5D1EC054EA00342B11 /* ImagePreview.entitlements */ = {isa = PBXFileReference; lastKnownFileType = text.plist.entitlements; path = ImagePreview.entitlements; sourceTree = "<group>"; };
/* End PBXFileReference section */

/* Begin PBXFrameworksBuildPhase section */
		5BB207611EBAF7FD00B12F5F /* Frameworks */ = {
			isa = PBXFrameworksBuildPhase;
			buildActionMask = 2147483647;
			files = (
			);
			runOnlyForDeploymentPostprocessing = 0;
		};
/* End PBXFrameworksBuildPhase section */

/* Begin PBXGroup section */
		5BB2075B1EBAF7FD00B12F5F = {
			isa = PBXGroup;
			children = (
				5BB207661EBAF7FD00B12F5F /* ImagePreview */,
				5BB207651EBAF7FD00B12F5F /* Products */,
			);
			sourceTree = "<group>";
		};
		5BB207651EBAF7FD00B12F5F /* Products */ = {
			isa = PBXGroup;
			children = (
				5BB207641EBAF7FD00B12F5F /* ImagePreview.app */,
			);
			name = Products;
			sourceTree = "<group>";
		};
		5BB207661EBAF7FD00B12F5F /* ImagePreview */ = {
			isa = PBXGroup;
			children = (
				5BCDEB5D1EC054EA00342B11 /* ImagePreview.entitlements */,
				5BB207671EBAF7FD00B12F5F /* AppDelegate.swift */,
				5BB207691EBAF7FD00B12F5F /* ViewController.swift */,
				5BB207761EBB00FB00B12F5F /* DestinationView.swift */,
				5BB2076B1EBAF7FD00B12F5F /* Assets.xcassets */,
				5BB2076D1EBAF7FD00B12F5F /* Main.storyboard */,
				5BB207701EBAF7FD00B12F5F /* Info.plist */,
			);
			path = ImagePreview;
			sourceTree = "<group>";
		};
/* End PBXGroup section */

/* Begin PBXNativeTarget section */
		5BB207631EBAF7FD00B12F5F /* ImagePreview */ = {
			isa = PBXNativeTarget;
			buildConfigurationList = 5BB207731EBAF7FD00B12F5F /* Build configuration list for PBXNativeTarget "ImagePreview" */;
			buildPhases = (
				5BB207601EBAF7FD00B12F5F /* Sources */,
				5BB207611EBAF7FD00B12F5F /* Frameworks */,
				5BB207621EBAF7FD00B12F5F /* Resources */,
			);
			buildRules = (
			);
			dependencies = (
			);
			name = ImagePreview;
			productName = ImagePreview;
			productReference = 5BB207641EBAF7FD00B12F5F /* ImagePreview.app */;
			productType = "com.apple.product-type.application";
		};
/* End PBXNativeTarget section */

/* Begin PBXProject section */
		5BB2075C1EBAF7FD00B12F5F /* Project object */ = {
			isa = PBXProject;
			attributes = {
				LastSwiftUpdateCheck = 0830;
				LastUpgradeCheck = 0830;
				ORGANIZATIONNAME = "Renato Cordeiro";
				TargetAttributes = {
					5BB207631EBAF7FD00B12F5F = {
						CreatedOnToolsVersion = 8.3.2;
						DevelopmentTeam = BTWV22YMLF;
						ProvisioningStyle = Automatic;
						SystemCapabilities = {
							com.apple.Sandbox = {
								enabled = 0;
							};
						};
					};
				};
			};
			buildConfigurationList = 5BB2075F1EBAF7FD00B12F5F /* Build configuration list for PBXProject "ImagePreview" */;
			compatibilityVersion = "Xcode 3.2";
			developmentRegion = English;
			hasScannedForEncodings = 0;
			knownRegions = (
				en,
				Base,
			);
			mainGroup = 5BB2075B1EBAF7FD00B12F5F;
			productRefGroup = 5BB207651EBAF7FD00B12F5F /* Products */;
			projectDirPath = "";
			projectRoot = "";
			targets = (
				5BB207631EBAF7FD00B12F5F /* ImagePreview */,
			);
		};
/* End PBXProject section */

/* Begin PBXResourcesBuildPhase section */
		5BB207621EBAF7FD00B12F5F /* Resources */ = {
			isa = PBXResourcesBuildPhase;
			buildActionMask = 2147483647;
			files = (
				5BB2076C1EBAF7FD00B12F5F /* Assets.xcassets in Resources */,
				5BB2076F1EBAF7FD00B12F5F /* Main.storyboard in Resources */,
			);
			runOnlyForDeploymentPostprocessing = 0;
		};
/* End PBXResourcesBuildPhase section */

/* Begin PBXSourcesBuildPhase section */
		5BB207601EBAF7FD00B12F5F /* Sources */ = {
			isa = PBXSourcesBuildPhase;
			buildActionMask = 2147483647;
			files = (
				5BB207771EBB00FB00B12F5F /* DestinationView.swift in Sources */,
				5BB2076A1EBAF7FD00B12F5F /* ViewController.swift in Sources */,
				5BB207681EBAF7FD00B12F5F /* AppDelegate.swift in Sources */,
			);
			runOnlyForDeploymentPostprocessing = 0;
		};
/* End PBXSourcesBuildPhase section */

/* Begin PBXVariantGroup section */
		5BB2076D1EBAF7FD00B12F5F /* Main.storyboard */ = {
			isa = PBXVariantGroup;
			children = (
				5BB2076E1EBAF7FD00B12F5F /* Base */,
			);
			name = Main.storyboard;
			sourceTree = "<group>";
		};
/* End PBXVariantGroup section */

/* Begin XCBuildConfiguration section */
		5BB207711EBAF7FD00B12F5F /* Debug */ = {
			isa = XCBuildConfiguration;
			buildSettings = {
				ALWAYS_SEARCH_USER_PATHS = NO;
				CLANG_ANALYZER_NONNULL = YES;
				CLANG_ANALYZER_NUMBER_OBJECT_CONVERSION = YES_AGGRESSIVE;
				CLANG_CXX_LANGUAGE_STANDARD = "gnu++0x";
				CLANG_CXX_LIBRARY = "libc++";
				CLANG_ENABLE_MODULES = YES;
				CLANG_ENABLE_OBJC_ARC = YES;
				CLANG_WARN_BOOL_CONVERSION = YES;
				CLANG_WARN_CONSTANT_CONVERSION = YES;
				CLANG_WARN_DIRECT_OBJC_ISA_USAGE = YES_ERROR;
				CLANG_WARN_DOCUMENTATION_COMMENTS = YES;
				CLANG_WARN_EMPTY_BODY = YES;
				CLANG_WARN_ENUM_CONVERSION = YES;
				CLANG_WARN_INFINITE_RECURSION = YES;
				CLANG_WARN_INT_CONVERSION = YES;
				CLANG_WARN_OBJC_ROOT_CLASS = YES_ERROR;
				CLANG_WARN_SUSPICIOUS_MOVE = YES;
				CLANG_WARN_UNREACHABLE_CODE = YES;
				CLANG_WARN__DUPLICATE_METHOD_MATCH = YES;
				CODE_SIGN_IDENTITY = "-";
				COPY_PHASE_STRIP = NO;
				DEBUG_INFORMATION_FORMAT = dwarf;
				ENABLE_STRICT_OBJC_MSGSEND = YES;
				ENABLE_TESTABILITY = YES;
				GCC_C_LANGUAGE_STANDARD = gnu99;
				GCC_DYNAMIC_NO_PIC = NO;
				GCC_NO_COMMON_BLOCKS = YES;
				GCC_OPTIMIZATION_LEVEL = 0;
				GCC_PREPROCESSOR_DEFINITIONS = (
					"DEBUG=1",
					"$(inherited)",
				);
				GCC_WARN_64_TO_32_BIT_CONVERSION = YES;
				GCC_WARN_ABOUT_RETURN_TYPE = YES_ERROR;
				GCC_WARN_UNDECLARED_SELECTOR = YES;
				GCC_WARN_UNINITIALIZED_AUTOS = YES_AGGRESSIVE;
				GCC_WARN_UNUSED_FUNCTION = YES;
				GCC_WARN_UNUSED_VARIABLE = YES;
				MACOSX_DEPLOYMENT_TARGET = 10.12;
				MTL_ENABLE_DEBUG_INFO = YES;
				ONLY_ACTIVE_ARCH = YES;
				SDKROOT = macosx;
				SWIFT_ACTIVE_COMPILATION_CONDITIONS = DEBUG;
				SWIFT_OPTIMIZATION_LEVEL = "-Onone";
			};
			name = Debug;
		};
		5BB207721EBAF7FD00B12F5F /* Release */ = {
			isa = XCBuildConfiguration;
			buildSettings = {
				ALWAYS_SEARCH_USER_PATHS = NO;
				CLANG_ANALYZER_NONNULL = YES;
				CLANG_ANALYZER_NUMBER_OBJECT_CONVERSION = YES_AGGRESSIVE;
				CLANG_CXX_LANGUAGE_STANDARD = "gnu++0x";
				CLANG_CXX_LIBRARY = "libc++";
				CLANG_ENABLE_MODULES = YES;
				CLANG_ENABLE_OBJC_ARC = YES;
				CLANG_WARN_BOOL_CONVERSION = YES;
				CLANG_WARN_CONSTANT_CONVERSION = YES;
				CLANG_WARN_DIRECT_OBJC_ISA_USAGE = YES_ERROR;
				CLANG_WARN_DOCUMENTATION_COMMENTS = YES;
				CLANG_WARN_EMPTY_BODY = YES;
				CLANG_WARN_ENUM_CONVERSION = YES;
				CLANG_WARN_INFINITE_RECURSION = YES;
				CLANG_WARN_INT_CONVERSION = YES;
				CLANG_WARN_OBJC_ROOT_CLASS = YES_ERROR;
				CLANG_WARN_SUSPICIOUS_MOVE = YES;
				CLANG_WARN_UNREACHABLE_CODE = YES;
				CLANG_WARN__DUPLICATE_METHOD_MATCH = YES;
				CODE_SIGN_IDENTITY = "-";
				COPY_PHASE_STRIP = NO;
				DEBUG_INFORMATION_FORMAT = "dwarf-with-dsym";
				ENABLE_NS_ASSERTIONS = NO;
				ENABLE_STRICT_OBJC_MSGSEND = YES;
				GCC_C_LANGUAGE_STANDARD = gnu99;
				GCC_NO_COMMON_BLOCKS = YES;
				GCC_WARN_64_TO_32_BIT_CONVERSION = YES;
				GCC_WARN_ABOUT_RETURN_TYPE = YES_ERROR;
				GCC_WARN_UNDECLARED_SELECTOR = YES;
				GCC_WARN_UNINITIALIZED_AUTOS = YES_AGGRESSIVE;
				GCC_WARN_UNUSED_FUNCTION = YES;
				GCC_WARN_UNUSED_VARIABLE = YES;
				MACOSX_DEPLOYMENT_TARGET = 10.12;
				MTL_ENABLE_DEBUG_INFO = NO;
				SDKROOT = macosx;
				SWIFT_OPTIMIZATION_LEVEL = "-Owholemodule";
			};
			name = Release;
		};
		5BB207741EBAF7FD00B12F5F /* Debug */ = {
			isa = XCBuildConfiguration;
			buildSettings = {
				ASSETCATALOG_COMPILER_APPICON_NAME = AppIcon;
				CODE_SIGN_ENTITLEMENTS = ImagePreview/ImagePreview.entitlements;
				COMBINE_HIDPI_IMAGES = YES;
				DEVELOPMENT_TEAM = BTWV22YMLF;
				INFOPLIST_FILE = ImagePreview/Info.plist;
				LD_RUNPATH_SEARCH_PATHS = "$(inherited) @executable_path/../Frameworks";
				PRODUCT_BUNDLE_IDENTIFIER = net.redbeach.imagepreview;
				PRODUCT_NAME = "$(TARGET_NAME)";
				SWIFT_VERSION = 3.0;
			};
			name = Debug;
		};
		5BB207751EBAF7FD00B12F5F /* Release */ = {
			isa = XCBuildConfiguration;
			buildSettings = {
				ASSETCATALOG_COMPILER_APPICON_NAME = AppIcon;
				CODE_SIGN_ENTITLEMENTS = ImagePreview/ImagePreview.entitlements;
				COMBINE_HIDPI_IMAGES = YES;
				DEVELOPMENT_TEAM = BTWV22YMLF;
				INFOPLIST_FILE = ImagePreview/Info.plist;
				LD_RUNPATH_SEARCH_PATHS = "$(inherited) @executable_path/../Frameworks";
				PRODUCT_BUNDLE_IDENTIFIER = net.redbeach.imagepreview;
				PRODUCT_NAME = "$(TARGET_NAME)";
				SWIFT_VERSION = 3.0;
			};
			name = Release;
		};
/* End XCBuildConfiguration section */

/* Begin XCConfigurationList section */
		5BB2075F1EBAF7FD00B12F5F /* Build configuration list for PBXProject "ImagePreview" */ = {
			isa = XCConfigurationList;
			buildConfigurations = (
				5BB207711EBAF7FD00B12F5F /* Debug */,
				5BB207721EBAF7FD00B12F5F /* Release */,
			);
			defaultConfigurationIsVisible = 0;
			defaultConfigurationName = Release;
		};
		5BB207731EBAF7FD00B12F5F /* Build configuration list for PBXNativeTarget "ImagePreview" */ = {
			isa = XCConfigurationList;
			buildConfigurations = (
				5BB207741EBAF7FD00B12F5F /* Debug */,
				5BB207751EBAF7FD00B12F5F /* Release */,
			);
			defaultConfigurationIsVisible = 0;
			defaultConfigurationName = Release;
		};
/* End XCConfigurationList section */
	};
	rootObject = 5BB2075C1EBAF7FD00B12F5F /* Project object */;
}
